// !$*UTF8*$!
{
	archiveVersion = 1;
	classes = {
	};
	objectVersion = 56;
	objects = {

/* Begin PBXBuildFile section */
		28FB17DC8EFA8775CA78A539 /* Pods_8homework4m.framework in Frameworks */ = {isa = PBXBuildFile; fileRef = 16E293560B7E8362A107B4F8 /* Pods_8homework4m.framework */; };
		9A1F9F5A2A06C78000693833 /* AppDelegate.swift in Sources */ = {isa = PBXBuildFile; fileRef = 9A1F9F592A06C78000693833 /* AppDelegate.swift */; };
		9A1F9F5C2A06C78000693833 /* SceneDelegate.swift in Sources */ = {isa = PBXBuildFile; fileRef = 9A1F9F5B2A06C78000693833 /* SceneDelegate.swift */; };
		9A1F9F5E2A06C78000693833 /* ViewController.swift in Sources */ = {isa = PBXBuildFile; fileRef = 9A1F9F5D2A06C78000693833 /* ViewController.swift */; };
		9A1F9F612A06C78000693833 /* Main.storyboard in Resources */ = {isa = PBXBuildFile; fileRef = 9A1F9F5F2A06C78000693833 /* Main.storyboard */; };
		9A1F9F632A06C78100693833 /* Assets.xcassets in Resources */ = {isa = PBXBuildFile; fileRef = 9A1F9F622A06C78100693833 /* Assets.xcassets */; };
		9A1F9F662A06C78100693833 /* LaunchScreen.storyboard in Resources */ = {isa = PBXBuildFile; fileRef = 9A1F9F642A06C78100693833 /* LaunchScreen.storyboard */; };
		9A1F9F6E2A06C7D100693833 /* CustomCell.swift in Sources */ = {isa = PBXBuildFile; fileRef = 9A1F9F6D2A06C7D100693833 /* CustomCell.swift */; };
		9A1F9F702A06C7EF00693833 /* Data.swift in Sources */ = {isa = PBXBuildFile; fileRef = 9A1F9F6F2A06C7EF00693833 /* Data.swift */; };
		9A1F9F722A06C84300693833 /* NetworkManager.swift in Sources */ = {isa = PBXBuildFile; fileRef = 9A1F9F712A06C84300693833 /* NetworkManager.swift */; };
		9A1F9F742A06C87500693833 /* EditorController.swift in Sources */ = {isa = PBXBuildFile; fileRef = 9A1F9F732A06C87500693833 /* EditorController.swift */; };
/* End PBXBuildFile section */

/* Begin PBXFileReference section */
		16E293560B7E8362A107B4F8 /* Pods_8homework4m.framework */ = {isa = PBXFileReference; explicitFileType = wrapper.framework; includeInIndex = 0; path = Pods_8homework4m.framework; sourceTree = BUILT_PRODUCTS_DIR; };
		9A1F9F562A06C78000693833 /* 8homework4m.app */ = {isa = PBXFileReference; explicitFileType = wrapper.application; includeInIndex = 0; path = 8homework4m.app; sourceTree = BUILT_PRODUCTS_DIR; };
		9A1F9F592A06C78000693833 /* AppDelegate.swift */ = {isa = PBXFileReference; lastKnownFileType = sourcecode.swift; path = AppDelegate.swift; sourceTree = "<group>"; };
		9A1F9F5B2A06C78000693833 /* SceneDelegate.swift */ = {isa = PBXFileReference; lastKnownFileType = sourcecode.swift; path = SceneDelegate.swift; sourceTree = "<group>"; };
		9A1F9F5D2A06C78000693833 /* ViewController.swift */ = {isa = PBXFileReference; lastKnownFileType = sourcecode.swift; path = ViewController.swift; sourceTree = "<group>"; };
		9A1F9F602A06C78000693833 /* Base */ = {isa = PBXFileReference; lastKnownFileType = file.storyboard; name = Base; path = Base.lproj/Main.storyboard; sourceTree = "<group>"; };
		9A1F9F622A06C78100693833 /* Assets.xcassets */ = {isa = PBXFileReference; lastKnownFileType = folder.assetcatalog; path = Assets.xcassets; sourceTree = "<group>"; };
		9A1F9F652A06C78100693833 /* Base */ = {isa = PBXFileReference; lastKnownFileType = file.storyboard; name = Base; path = Base.lproj/LaunchScreen.storyboard; sourceTree = "<group>"; };
		9A1F9F672A06C78100693833 /* Info.plist */ = {isa = PBXFileReference; lastKnownFileType = text.plist.xml; path = Info.plist; sourceTree = "<group>"; };
		9A1F9F6D2A06C7D100693833 /* CustomCell.swift */ = {isa = PBXFileReference; lastKnownFileType = sourcecode.swift; path = CustomCell.swift; sourceTree = "<group>"; };
		9A1F9F6F2A06C7EF00693833 /* Data.swift */ = {isa = PBXFileReference; lastKnownFileType = sourcecode.swift; path = Data.swift; sourceTree = "<group>"; };
		9A1F9F712A06C84300693833 /* NetworkManager.swift */ = {isa = PBXFileReference; lastKnownFileType = sourcecode.swift; path = NetworkManager.swift; sourceTree = "<group>"; };
		9A1F9F732A06C87500693833 /* EditorController.swift */ = {isa = PBXFileReference; lastKnownFileType = sourcecode.swift; path = EditorController.swift; sourceTree = "<group>"; };
		BCA6D7E5CCF53DB4DE7F9914 /* Pods-8homework4m.release.xcconfig */ = {isa = PBXFileReference; includeInIndex = 1; lastKnownFileType = text.xcconfig; name = "Pods-8homework4m.release.xcconfig"; path = "Target Support Files/Pods-8homework4m/Pods-8homework4m.release.xcconfig"; sourceTree = "<group>"; };
		F2AFEA8B649CFE43764D0035 /* Pods-8homework4m.debug.xcconfig */ = {isa = PBXFileReference; includeInIndex = 1; lastKnownFileType = text.xcconfig; name = "Pods-8homework4m.debug.xcconfig"; path = "Target Support Files/Pods-8homework4m/Pods-8homework4m.debug.xcconfig"; sourceTree = "<group>"; };
/* End PBXFileReference section */

/* Begin PBXFrameworksBuildPhase section */
		9A1F9F532A06C78000693833 /* Frameworks */ = {
			isa = PBXFrameworksBuildPhase;
			buildActionMask = 2147483647;
			files = (
				28FB17DC8EFA8775CA78A539 /* Pods_8homework4m.framework in Frameworks */,
			);
			runOnlyForDeploymentPostprocessing = 0;
		};
/* End PBXFrameworksBuildPhase section */

/* Begin PBXGroup section */
		5BACAF0A84D113DBAF90E9E6 /* Frameworks */ = {
			isa = PBXGroup;
			children = (
				16E293560B7E8362A107B4F8 /* Pods_8homework4m.framework */,
			);
			name = Frameworks;
			sourceTree = "<group>";
		};
		8E39BC31D6664FFA79116214 /* Pods */ = {
			isa = PBXGroup;
			children = (
				F2AFEA8B649CFE43764D0035 /* Pods-8homework4m.debug.xcconfig */,
				BCA6D7E5CCF53DB4DE7F9914 /* Pods-8homework4m.release.xcconfig */,
			);
			name = Pods;
			path = Pods;
			sourceTree = "<group>";
		};
		9A1F9F4D2A06C78000693833 = {
			isa = PBXGroup;
			children = (
				9A1F9F582A06C78000693833 /* 8homework4m */,
				9A1F9F572A06C78000693833 /* Products */,
				8E39BC31D6664FFA79116214 /* Pods */,
				5BACAF0A84D113DBAF90E9E6 /* Frameworks */,
			);
			sourceTree = "<group>";
		};
		9A1F9F572A06C78000693833 /* Products */ = {
			isa = PBXGroup;
			children = (
				9A1F9F562A06C78000693833 /* 8homework4m.app */,
			);
			name = Products;
			sourceTree = "<group>";
		};
		9A1F9F582A06C78000693833 /* 8homework4m */ = {
			isa = PBXGroup;
			children = (
				9A1F9F592A06C78000693833 /* AppDelegate.swift */,
				9A1F9F5B2A06C78000693833 /* SceneDelegate.swift */,
				9A1F9F5D2A06C78000693833 /* ViewController.swift */,
				9A1F9F5F2A06C78000693833 /* Main.storyboard */,
				9A1F9F622A06C78100693833 /* Assets.xcassets */,
				9A1F9F642A06C78100693833 /* LaunchScreen.storyboard */,
				9A1F9F672A06C78100693833 /* Info.plist */,
				9A1F9F6D2A06C7D100693833 /* CustomCell.swift */,
				9A1F9F6F2A06C7EF00693833 /* Data.swift */,
				9A1F9F712A06C84300693833 /* NetworkManager.swift */,
				9A1F9F732A06C87500693833 /* EditorController.swift */,
			);
			path = 8homework4m;
			sourceTree = "<group>";
		};
/* End PBXGroup section */

/* Begin PBXNativeTarget section */
		9A1F9F552A06C78000693833 /* 8homework4m */ = {
			isa = PBXNativeTarget;
			buildConfigurationList = 9A1F9F6A2A06C78100693833 /* Build configuration list for PBXNativeTarget "8homework4m" */;
			buildPhases = (
				F4C50D66DBFF73DD0FAE9E86 /* [CP] Check Pods Manifest.lock */,
				9A1F9F522A06C78000693833 /* Sources */,
				9A1F9F532A06C78000693833 /* Frameworks */,
				9A1F9F542A06C78000693833 /* Resources */,
				EC2047177CAF4DA4A450B35B /* [CP] Embed Pods Frameworks */,
			);
			buildRules = (
			);
			dependencies = (
			);
			name = 8homework4m;
			productName = 8homework4m;
			productReference = 9A1F9F562A06C78000693833 /* 8homework4m.app */;
			productType = "com.apple.product-type.application";
		};
/* End PBXNativeTarget section */

/* Begin PBXProject section */
		9A1F9F4E2A06C78000693833 /* Project object */ = {
			isa = PBXProject;
			attributes = {
				BuildIndependentTargetsInParallel = 1;
				LastSwiftUpdateCheck = 1420;
				LastUpgradeCheck = 1420;
				TargetAttributes = {
					9A1F9F552A06C78000693833 = {
						CreatedOnToolsVersion = 14.2;
					};
				};
			};
			buildConfigurationList = 9A1F9F512A06C78000693833 /* Build configuration list for PBXProject "8homework4m" */;
			compatibilityVersion = "Xcode 14.0";
			developmentRegion = en;
			hasScannedForEncodings = 0;
			knownRegions = (
				en,
				Base,
			);
			mainGroup = 9A1F9F4D2A06C78000693833;
			productRefGroup = 9A1F9F572A06C78000693833 /* Products */;
			projectDirPath = "";
			projectRoot = "";
			targets = (
				9A1F9F552A06C78000693833 /* 8homework4m */,
			);
		};
/* End PBXProject section */

/* Begin PBXResourcesBuildPhase section */
		9A1F9F542A06C78000693833 /* Resources */ = {
			isa = PBXResourcesBuildPhase;
			buildActionMask = 2147483647;
			files = (
				9A1F9F662A06C78100693833 /* LaunchScreen.storyboard in Resources */,
				9A1F9F632A06C78100693833 /* Assets.xcassets in Resources */,
				9A1F9F612A06C78000693833 /* Main.storyboard in Resources */,
			);
			runOnlyForDeploymentPostprocessing = 0;
		};
/* End PBXResourcesBuildPhase section */

/* Begin PBXShellScriptBuildPhase section */
		EC2047177CAF4DA4A450B35B /* [CP] Embed Pods Frameworks */ = {
			isa = PBXShellScriptBuildPhase;
			buildActionMask = 2147483647;
			files = (
			);
			inputFileListPaths = (
				"${PODS_ROOT}/Target Support Files/Pods-8homework4m/Pods-8homework4m-frameworks-${CONFIGURATION}-input-files.xcfilelist",
			);
			name = "[CP] Embed Pods Frameworks";
			outputFileListPaths = (
				"${PODS_ROOT}/Target Support Files/Pods-8homework4m/Pods-8homework4m-frameworks-${CONFIGURATION}-output-files.xcfilelist",
			);
			runOnlyForDeploymentPostprocessing = 0;
			shellPath = /bin/sh;
			shellScript = "\"${PODS_ROOT}/Target Support Files/Pods-8homework4m/Pods-8homework4m-frameworks.sh\"\n";
			showEnvVarsInLog = 0;
		};
		F4C50D66DBFF73DD0FAE9E86 /* [CP] Check Pods Manifest.lock */ = {
			isa = PBXShellScriptBuildPhase;
			buildActionMask = 2147483647;
			files = (
			);
			inputFileListPaths = (
			);
			inputPaths = (
				"${PODS_PODFILE_DIR_PATH}/Podfile.lock",
				"${PODS_ROOT}/Manifest.lock",
			);
			name = "[CP] Check Pods Manifest.lock";
			outputFileListPaths = (
			);
			outputPaths = (
				"$(DERIVED_FILE_DIR)/Pods-8homework4m-checkManifestLockResult.txt",
			);
			runOnlyForDeploymentPostprocessing = 0;
			shellPath = /bin/sh;
			shellScript = "diff \"${PODS_PODFILE_DIR_PATH}/Podfile.lock\" \"${PODS_ROOT}/Manifest.lock\" > /dev/null\nif [ $? != 0 ] ; then\n    # print error to STDERR\n    echo \"error: The sandbox is not in sync with the Podfile.lock. Run 'pod install' or update your CocoaPods installation.\" >&2\n    exit 1\nfi\n# This output is used by Xcode 'outputs' to avoid re-running this script phase.\necho \"SUCCESS\" > \"${SCRIPT_OUTPUT_FILE_0}\"\n";
			showEnvVarsInLog = 0;
		};
/* End PBXShellScriptBuildPhase section */

/* Begin PBXSourcesBuildPhase section */
		9A1F9F522A06C78000693833 /* Sources */ = {
			isa = PBXSourcesBuildPhase;
			buildActionMask = 2147483647;
			files = (
				9A1F9F722A06C84300693833 /* NetworkManager.swift in Sources */,
				9A1F9F5E2A06C78000693833 /* ViewController.swift in Sources */,
				9A1F9F702A06C7EF00693833 /* Data.swift in Sources */,
				9A1F9F742A06C87500693833 /* EditorController.swift in Sources */,
				9A1F9F5A2A06C78000693833 /* AppDelegate.swift in Sources */,
				9A1F9F6E2A06C7D100693833 /* CustomCell.swift in Sources */,
				9A1F9F5C2A06C78000693833 /* SceneDelegate.swift in Sources */,
			);
			runOnlyForDeploymentPostprocessing = 0;
		};
/* End PBXSourcesBuildPhase section */

/* Begin PBXVariantGroup section */
		9A1F9F5F2A06C78000693833 /* Main.storyboard */ = {
			isa = PBXVariantGroup;
			children = (
				9A1F9F602A06C78000693833 /* Base */,
			);
			name = Main.storyboard;
			sourceTree = "<group>";
		};
		9A1F9F642A06C78100693833 /* LaunchScreen.storyboard */ = {
			isa = PBXVariantGroup;
			children = (
				9A1F9F652A06C78100693833 /* Base */,
			);
			name = LaunchScreen.storyboard;
			sourceTree = "<group>";
		};
/* End PBXVariantGroup section */

/* Begin XCBuildConfiguration section */
		9A1F9F682A06C78100693833 /* Debug */ = {
			isa = XCBuildConfiguration;
			buildSettings = {
				ALWAYS_SEARCH_USER_PATHS = NO;
				CLANG_ANALYZER_NONNULL = YES;
				CLANG_ANALYZER_NUMBER_OBJECT_CONVERSION = YES_AGGRESSIVE;
				CLANG_CXX_LANGUAGE_STANDARD = "gnu++20";
				CLANG_ENABLE_MODULES = YES;
				CLANG_ENABLE_OBJC_ARC = YES;
				CLANG_ENABLE_OBJC_WEAK = YES;
				CLANG_WARN_BLOCK_CAPTURE_AUTORELEASING = YES;
				CLANG_WARN_BOOL_CONVERSION = YES;
				CLANG_WARN_COMMA = YES;
				CLANG_WARN_CONSTANT_CONVERSION = YES;
				CLANG_WARN_DEPRECATED_OBJC_IMPLEMENTATIONS = YES;
				CLANG_WARN_DIRECT_OBJC_ISA_USAGE = YES_ERROR;
				CLANG_WARN_DOCUMENTATION_COMMENTS = YES;
				CLANG_WARN_EMPTY_BODY = YES;
				CLANG_WARN_ENUM_CONVERSION = YES;
				CLANG_WARN_INFINITE_RECURSION = YES;
				CLANG_WARN_INT_CONVERSION = YES;
				CLANG_WARN_NON_LITERAL_NULL_CONVERSION = YES;
				CLANG_WARN_OBJC_IMPLICIT_RETAIN_SELF = YES;
				CLANG_WARN_OBJC_LITERAL_CONVERSION = YES;
				CLANG_WARN_OBJC_ROOT_CLASS = YES_ERROR;
				CLANG_WARN_QUOTED_INCLUDE_IN_FRAMEWORK_HEADER = YES;
				CLANG_WARN_RANGE_LOOP_ANALYSIS = YES;
				CLANG_WARN_STRICT_PROTOTYPES = YES;
				CLANG_WARN_SUSPICIOUS_MOVE = YES;
				CLANG_WARN_UNGUARDED_AVAILABILITY = YES_AGGRESSIVE;
				CLANG_WARN_UNREACHABLE_CODE = YES;
				CLANG_WARN__DUPLICATE_METHOD_MATCH = YES;
				COPY_PHASE_STRIP = NO;
				DEBUG_INFORMATION_FORMAT = dwarf;
				ENABLE_STRICT_OBJC_MSGSEND = YES;
				ENABLE_TESTABILITY = YES;
				GCC_C_LANGUAGE_STANDARD = gnu11;
				GCC_DYNAMIC_NO_PIC = NO;
				GCC_NO_COMMON_BLOCKS = YES;
				GCC_OPTIMIZATION_LEVEL = 0;
				GCC_PREPROCESSOR_DEFINITIONS = (
					"DEBUG=1",
					"$(inherited)",
				);
				GCC_WARN_64_TO_32_BIT_CONVERSION = YES;
				GCC_WARN_ABOUT_RETURN_TYPE = YES_ERROR;
				GCC_WARN_UNDECLARED_SELECTOR = YES;
				GCC_WARN_UNINITIALIZED_AUTOS = YES_AGGRESSIVE;
				GCC_WARN_UNUSED_FUNCTION = YES;
				GCC_WARN_UNUSED_VARIABLE = YES;
				IPHONEOS_DEPLOYMENT_TARGET = 16.2;
				MTL_ENABLE_DEBUG_INFO = INCLUDE_SOURCE;
				MTL_FAST_MATH = YES;
				ONLY_ACTIVE_ARCH = YES;
				SDKROOT = iphoneos;
				SWIFT_ACTIVE_COMPILATION_CONDITIONS = DEBUG;
				SWIFT_OPTIMIZATION_LEVEL = "-Onone";
			};
			name = Debug;
		};
		9A1F9F692A06C78100693833 /* Release */ = {
			isa = XCBuildConfiguration;
			buildSettings = {
				ALWAYS_SEARCH_USER_PATHS = NO;
				CLANG_ANALYZER_NONNULL = YES;
				CLANG_ANALYZER_NUMBER_OBJECT_CONVERSION = YES_AGGRESSIVE;
				CLANG_CXX_LANGUAGE_STANDARD = "gnu++20";
				CLANG_ENABLE_MODULES = YES;
				CLANG_ENABLE_OBJC_ARC = YES;
				CLANG_ENABLE_OBJC_WEAK = YES;
				CLANG_WARN_BLOCK_CAPTURE_AUTORELEASING = YES;
				CLANG_WARN_BOOL_CONVERSION = YES;
				CLANG_WARN_COMMA = YES;
				CLANG_WARN_CONSTANT_CONVERSION = YES;
				CLANG_WARN_DEPRECATED_OBJC_IMPLEMENTATIONS = YES;
				CLANG_WARN_DIRECT_OBJC_ISA_USAGE = YES_ERROR;
				CLANG_WARN_DOCUMENTATION_COMMENTS = YES;
				CLANG_WARN_EMPTY_BODY = YES;
				CLANG_WARN_ENUM_CONVERSION = YES;
				CLANG_WARN_INFINITE_RECURSION = YES;
				CLANG_WARN_INT_CONVERSION = YES;
				CLANG_WARN_NON_LITERAL_NULL_CONVERSION = YES;
				CLANG_WARN_OBJC_IMPLICIT_RETAIN_SELF = YES;
				CLANG_WARN_OBJC_LITERAL_CONVERSION = YES;
				CLANG_WARN_OBJC_ROOT_CLASS = YES_ERROR;
				CLANG_WARN_QUOTED_INCLUDE_IN_FRAMEWORK_HEADER = YES;
				CLANG_WARN_RANGE_LOOP_ANALYSIS = YES;
				CLANG_WARN_STRICT_PROTOTYPES = YES;
				CLANG_WARN_SUSPICIOUS_MOVE = YES;
				CLANG_WARN_UNGUARDED_AVAILABILITY = YES_AGGRESSIVE;
				CLANG_WARN_UNREACHABLE_CODE = YES;
				CLANG_WARN__DUPLICATE_METHOD_MATCH = YES;
				COPY_PHASE_STRIP = NO;
				DEBUG_INFORMATION_FORMAT = "dwarf-with-dsym";
				ENABLE_NS_ASSERTIONS = NO;
				ENABLE_STRICT_OBJC_MSGSEND = YES;
				GCC_C_LANGUAGE_STANDARD = gnu11;
				GCC_NO_COMMON_BLOCKS = YES;
				GCC_WARN_64_TO_32_BIT_CONVERSION = YES;
				GCC_WARN_ABOUT_RETURN_TYPE = YES_ERROR;
				GCC_WARN_UNDECLARED_SELECTOR = YES;
				GCC_WARN_UNINITIALIZED_AUTOS = YES_AGGRESSIVE;
				GCC_WARN_UNUSED_FUNCTION = YES;
				GCC_WARN_UNUSED_VARIABLE = YES;
				IPHONEOS_DEPLOYMENT_TARGET = 16.2;
				MTL_ENABLE_DEBUG_INFO = NO;
				MTL_FAST_MATH = YES;
				SDKROOT = iphoneos;
				SWIFT_COMPILATION_MODE = wholemodule;
				SWIFT_OPTIMIZATION_LEVEL = "-O";
				VALIDATE_PRODUCT = YES;
			};
			name = Release;
		};
		9A1F9F6B2A06C78100693833 /* Debug */ = {
			isa = XCBuildConfiguration;
			baseConfigurationReference = F2AFEA8B649CFE43764D0035 /* Pods-8homework4m.debug.xcconfig */;
			buildSettings = {
				ASSETCATALOG_COMPILER_APPICON_NAME = AppIcon;
				ASSETCATALOG_COMPILER_GLOBAL_ACCENT_COLOR_NAME = AccentColor;
				CODE_SIGN_STYLE = Automatic;
				CURRENT_PROJECT_VERSION = 1;
				DEVELOPMENT_TEAM = S24JM78SDV;
				GENERATE_INFOPLIST_FILE = YES;
				INFOPLIST_FILE = 8homework4m/Info.plist;
				INFOPLIST_KEY_UIApplicationSupportsIndirectInputEvents = YES;
				INFOPLIST_KEY_UILaunchStoryboardName = LaunchScreen;
				INFOPLIST_KEY_UIMainStoryboardFile = Main;
				INFOPLIST_KEY_UISupportedInterfaceOrientations_iPad = "UIInterfaceOrientationPortrait UIInterfaceOrientationPortraitUpsideDown UIInterfaceOrientationLandscapeLeft UIInterfaceOrientationLandscapeRight";
				INFOPLIST_KEY_UISupportedInterfaceOrientations_iPhone = "UIInterfaceOrientationPortrait UIInterfaceOrientationLandscapeLeft UIInterfaceOrientationLandscapeRight";
				LD_RUNPATH_SEARCH_PATHS = (
					"$(inherited)",
					"@executable_path/Frameworks",
				);
				MARKETING_VERSION = 1.0;
				PRODUCT_BUNDLE_IDENTIFIER = "mavlyuda.-homework4m";
				PRODUCT_NAME = "$(TARGET_NAME)";
				SWIFT_EMIT_LOC_STRINGS = YES;
				SWIFT_VERSION = 5.0;
				TARGETED_DEVICE_FAMILY = "1,2";
			};
			name = Debug;
		};
		9A1F9F6C2A06C78100693833 /* Release */ = {
			isa = XCBuildConfiguration;
			baseConfigurationReference = BCA6D7E5CCF53DB4DE7F9914 /* Pods-8homework4m.release.xcconfig */;
			buildSettings = {
				ASSETCATALOG_COMPILER_APPICON_NAME = AppIcon;
				ASSETCATALOG_COMPILER_GLOBAL_ACCENT_COLOR_NAME = AccentColor;
				CODE_SIGN_STYLE = Automatic;
				CURRENT_PROJECT_VERSION = 1;
				DEVELOPMENT_TEAM = S24JM78SDV;
				GENERATE_INFOPLIST_FILE = YES;
				INFOPLIST_FILE = 8homework4m/Info.plist;
				INFOPLIST_KEY_UIApplicationSupportsIndirectInputEvents = YES;
				INFOPLIST_KEY_UILaunchStoryboardName = LaunchScreen;
				INFOPLIST_KEY_UIMainStoryboardFile = Main;
				INFOPLIST_KEY_UISupportedInterfaceOrientations_iPad = "UIInterfaceOrientationPortrait UIInterfaceOrientationPortraitUpsideDown UIInterfaceOrientationLandscapeLeft UIInterfaceOrientationLandscapeRight";
				INFOPLIST_KEY_UISupportedInterfaceOrientations_iPhone = "UIInterfaceOrientationPortrait UIInterfaceOrientationLandscapeLeft UIInterfaceOrientationLandscapeRight";
				LD_RUNPATH_SEARCH_PATHS = (
					"$(inherited)",
					"@executable_path/Frameworks",
				);
				MARKETING_VERSION = 1.0;
				PRODUCT_BUNDLE_IDENTIFIER = "mavlyuda.-homework4m";
				PRODUCT_NAME = "$(TARGET_NAME)";
				SWIFT_EMIT_LOC_STRINGS = YES;
				SWIFT_VERSION = 5.0;
				TARGETED_DEVICE_FAMILY = "1,2";
			};
			name = Release;
		};
/* End XCBuildConfiguration section */

/* Begin XCConfigurationList section */
		9A1F9F512A06C78000693833 /* Build configuration list for PBXProject "8homework4m" */ = {
			isa = XCConfigurationList;
			buildConfigurations = (
				9A1F9F682A06C78100693833 /* Debug */,
				9A1F9F692A06C78100693833 /* Release */,
			);
			defaultConfigurationIsVisible = 0;
			defaultConfigurationName = Release;
		};
		9A1F9F6A2A06C78100693833 /* Build configuration list for PBXNativeTarget "8homework4m" */ = {
			isa = XCConfigurationList;
			buildConfigurations = (
				9A1F9F6B2A06C78100693833 /* Debug */,
				9A1F9F6C2A06C78100693833 /* Release */,
			);
			defaultConfigurationIsVisible = 0;
			defaultConfigurationName = Release;
		};
/* End XCConfigurationList section */
	};
	rootObject = 9A1F9F4E2A06C78000693833 /* Project object */;
}
